
Microsoft Visual Studio Solution File, Format Version 12.00
# Visual Studio Version 17
VisualStudioVersion = 17.3.32819.101
MinimumVisualStudioVersion = 10.0.40219.1
Project("{FAE04EC0-301F-11D3-BF4B-00C04F79EFBC}") = "Elastic Search CRUD", "Elastic Search CRUD\Elastic Search CRUD.csproj", "{9A214216-CD3F-41EB-99B7-ADDF317EADED}"
EndProject
Global
	GlobalSection(SolutionConfigurationPlatforms) = preSolution
		Debug|Any CPU = Debug|Any CPU
		Release|Any CPU = Release|Any CPU
	EndGlobalSection
	GlobalSection(ProjectConfigurationPlatforms) = postSolution
		{9A214216-CD3F-41EB-99B7-ADDF317EADED}.Debug|Any CPU.ActiveCfg = Debug|Any CPU
		{9A214216-CD3F-41EB-99B7-ADDF317EADED}.Debug|Any CPU.Build.0 = Debug|Any CPU
		{9A214216-CD3F-41EB-99B7-ADDF317EADED}.Release|Any CPU.ActiveCfg = Release|Any CPU
		{9A214216-CD3F-41EB-99B7-ADDF317EADED}.Release|Any CPU.Build.0 = Release|Any CPU
	EndGlobalSection
	GlobalSection(SolutionProperties) = preSolution
		HideSolutionNode = FALSE
	EndGlobalSection
	GlobalSection(ExtensibilityGlobals) = postSolution
		SolutionGuid = {7840AE5C-B754-4A5B-AD87-B6CDA721080E}
	EndGlobalSection
EndGlobal
